{
    "_meta": {
        "hash": {
            "sha256": "4a7fd38a2059440221d12f94b1f164253e097393bdaa26ee99895d043625bcb8"
        },
        "pipfile-spec": 6,
        "requires": {
            "python_version": "3.8"
        },
        "sources": [
            {
                "name": "pypi",
                "url": "https://pypi.org/simple",
                "verify_ssl": true
            }
        ]
    },
    "default": {
        "click": {
            "hashes": [
                "sha256:396ffe2561331b7b68e2780a088f9be3d41c33cbfb6e5911e2178533ea6d31da",
                "sha256:8bea8164a4fd3b687b4c025316a84f38f2e2ee115cd8a68dd423356283e25805"
            ],
            "index": "pypi",
            "version": "==1.0"
        }
    },
    "develop": {}
}
